// !$*UTF8*$!
{
	archiveVersion = 1;
	classes = {
	};
	objectVersion = 56;
	objects = {

/* Begin PBXBuildFile section */
		DE8B8E942BC7BE9D00AA5A53 /* LoginViewController.swift in Sources */ = {isa = PBXBuildFile; fileRef = DE8B8E932BC7BE9D00AA5A53 /* LoginViewController.swift */; };
		DE8B8E962BC7BF1300AA5A53 /* BaseViewController.swift in Sources */ = {isa = PBXBuildFile; fileRef = DE8B8E952BC7BF1300AA5A53 /* BaseViewController.swift */; };
		DE8B8E992BC7BF2F00AA5A53 /* Alamofire in Frameworks */ = {isa = PBXBuildFile; productRef = DE8B8E982BC7BF2F00AA5A53 /* Alamofire */; };
		DE8B8E9C2BC7BF3700AA5A53 /* Kingfisher in Frameworks */ = {isa = PBXBuildFile; productRef = DE8B8E9B2BC7BF3700AA5A53 /* Kingfisher */; };
		DE8B8E9F2BC7BF4700AA5A53 /* RxCocoa in Frameworks */ = {isa = PBXBuildFile; productRef = DE8B8E9E2BC7BF4700AA5A53 /* RxCocoa */; };
		DE8B8EA12BC7BF4700AA5A53 /* RxSwift in Frameworks */ = {isa = PBXBuildFile; productRef = DE8B8EA02BC7BF4700AA5A53 /* RxSwift */; };
		DE8B8EA42BC7BF5000AA5A53 /* SnapKit in Frameworks */ = {isa = PBXBuildFile; productRef = DE8B8EA32BC7BF5000AA5A53 /* SnapKit */; };
		DE8B8EA62BC7C27000AA5A53 /* BaseView.swift in Sources */ = {isa = PBXBuildFile; fileRef = DE8B8EA52BC7C27000AA5A53 /* BaseView.swift */; };
		DE8B8EA82BC7C4C900AA5A53 /* UIView+Extension.swift in Sources */ = {isa = PBXBuildFile; fileRef = DE8B8EA72BC7C4C900AA5A53 /* UIView+Extension.swift */; };
		DE8B8EAA2BC7C53500AA5A53 /* LoginViewModel.swift in Sources */ = {isa = PBXBuildFile; fileRef = DE8B8EA92BC7C53500AA5A53 /* LoginViewModel.swift */; };
		DE8B8EAC2BC7C65700AA5A53 /* Router.swift in Sources */ = {isa = PBXBuildFile; fileRef = DE8B8EAB2BC7C65700AA5A53 /* Router.swift */; };
		DE8B8EAE2BC7C9D500AA5A53 /* JoinQuery.swift in Sources */ = {isa = PBXBuildFile; fileRef = DE8B8EAD2BC7C9D500AA5A53 /* JoinQuery.swift */; };
		DE8B8EB02BC7CAC800AA5A53 /* HTTPHeader.swift in Sources */ = {isa = PBXBuildFile; fileRef = DE8B8EAF2BC7CAC800AA5A53 /* HTTPHeader.swift */; };
		DE8B8EB22BC7CB7B00AA5A53 /* TargetType.swift in Sources */ = {isa = PBXBuildFile; fileRef = DE8B8EB12BC7CB7B00AA5A53 /* TargetType.swift */; };
		DE8B8EB52BC7CE4D00AA5A53 /* LoginTextField.swift in Sources */ = {isa = PBXBuildFile; fileRef = DE8B8EB42BC7CE4D00AA5A53 /* LoginTextField.swift */; };
		DE8B8EB72BC7CF6400AA5A53 /* LoginView.swift in Sources */ = {isa = PBXBuildFile; fileRef = DE8B8EB62BC7CF6400AA5A53 /* LoginView.swift */; };
		DE8B8EBB2BC7E1D700AA5A53 /* JoinModel.swift in Sources */ = {isa = PBXBuildFile; fileRef = DE8B8EBA2BC7E1D700AA5A53 /* JoinModel.swift */; };
		DE8B8EBD2BC7E1FE00AA5A53 /* NetworkManager.swift in Sources */ = {isa = PBXBuildFile; fileRef = DE8B8EBC2BC7E1FE00AA5A53 /* NetworkManager.swift */; };
		DE8B8EC22BCABA0700AA5A53 /* MyInfoViewController.swift in Sources */ = {isa = PBXBuildFile; fileRef = DE8B8EC12BCABA0700AA5A53 /* MyInfoViewController.swift */; };
		DE8B8EC42BCABA1500AA5A53 /* MyInfoView.swift in Sources */ = {isa = PBXBuildFile; fileRef = DE8B8EC32BCABA1500AA5A53 /* MyInfoView.swift */; };
		DE8B8EC62BCABA1D00AA5A53 /* MyInfoViewModel.swift in Sources */ = {isa = PBXBuildFile; fileRef = DE8B8EC52BCABA1D00AA5A53 /* MyInfoViewModel.swift */; };
		DE8B8EC92BCBC81100AA5A53 /* MainTabBarController.swift in Sources */ = {isa = PBXBuildFile; fileRef = DE8B8EC82BCBC81100AA5A53 /* MainTabBarController.swift */; };
		DE9CEC102BC646BB00360192 /* AppDelegate.swift in Sources */ = {isa = PBXBuildFile; fileRef = DE9CEC0F2BC646BB00360192 /* AppDelegate.swift */; };
		DE9CEC122BC646BB00360192 /* SceneDelegate.swift in Sources */ = {isa = PBXBuildFile; fileRef = DE9CEC112BC646BB00360192 /* SceneDelegate.swift */; };
		DE9CEC142BC646BB00360192 /* ViewController.swift in Sources */ = {isa = PBXBuildFile; fileRef = DE9CEC132BC646BB00360192 /* ViewController.swift */; };
		DE9CEC172BC646BB00360192 /* Base in Resources */ = {isa = PBXBuildFile; fileRef = DE9CEC162BC646BB00360192 /* Base */; };
		DE9CEC192BC646BD00360192 /* Assets.xcassets in Resources */ = {isa = PBXBuildFile; fileRef = DE9CEC182BC646BD00360192 /* Assets.xcassets */; };
		DE9CEC1C2BC646BD00360192 /* Base in Resources */ = {isa = PBXBuildFile; fileRef = DE9CEC1B2BC646BD00360192 /* Base */; };
		DE9CEC242BC646DB00360192 /* .gitignore in Resources */ = {isa = PBXBuildFile; fileRef = DE9CEC232BC646DB00360192 /* .gitignore */; };
		DE9CEC272BC6473500360192 /* APIKey.swift in Sources */ = {isa = PBXBuildFile; fileRef = DE9CEC262BC6473500360192 /* APIKey.swift */; };
/* End PBXBuildFile section */

/* Begin PBXFileReference section */
		DE8B8E932BC7BE9D00AA5A53 /* LoginViewController.swift */ = {isa = PBXFileReference; lastKnownFileType = sourcecode.swift; path = LoginViewController.swift; sourceTree = "<group>"; };
		DE8B8E952BC7BF1300AA5A53 /* BaseViewController.swift */ = {isa = PBXFileReference; lastKnownFileType = sourcecode.swift; path = BaseViewController.swift; sourceTree = "<group>"; };
		DE8B8EA52BC7C27000AA5A53 /* BaseView.swift */ = {isa = PBXFileReference; lastKnownFileType = sourcecode.swift; path = BaseView.swift; sourceTree = "<group>"; };
		DE8B8EA72BC7C4C900AA5A53 /* UIView+Extension.swift */ = {isa = PBXFileReference; lastKnownFileType = sourcecode.swift; path = "UIView+Extension.swift"; sourceTree = "<group>"; };
		DE8B8EA92BC7C53500AA5A53 /* LoginViewModel.swift */ = {isa = PBXFileReference; lastKnownFileType = sourcecode.swift; path = LoginViewModel.swift; sourceTree = "<group>"; };
		DE8B8EAB2BC7C65700AA5A53 /* Router.swift */ = {isa = PBXFileReference; lastKnownFileType = sourcecode.swift; path = Router.swift; sourceTree = "<group>"; };
		DE8B8EAD2BC7C9D500AA5A53 /* JoinQuery.swift */ = {isa = PBXFileReference; lastKnownFileType = sourcecode.swift; path = JoinQuery.swift; sourceTree = "<group>"; };
		DE8B8EAF2BC7CAC800AA5A53 /* HTTPHeader.swift */ = {isa = PBXFileReference; lastKnownFileType = sourcecode.swift; path = HTTPHeader.swift; sourceTree = "<group>"; };
		DE8B8EB12BC7CB7B00AA5A53 /* TargetType.swift */ = {isa = PBXFileReference; lastKnownFileType = sourcecode.swift; path = TargetType.swift; sourceTree = "<group>"; };
		DE8B8EB42BC7CE4D00AA5A53 /* LoginTextField.swift */ = {isa = PBXFileReference; lastKnownFileType = sourcecode.swift; path = LoginTextField.swift; sourceTree = "<group>"; };
		DE8B8EB62BC7CF6400AA5A53 /* LoginView.swift */ = {isa = PBXFileReference; lastKnownFileType = sourcecode.swift; path = LoginView.swift; sourceTree = "<group>"; };
		DE8B8EBA2BC7E1D700AA5A53 /* JoinModel.swift */ = {isa = PBXFileReference; lastKnownFileType = sourcecode.swift; path = JoinModel.swift; sourceTree = "<group>"; };
		DE8B8EBC2BC7E1FE00AA5A53 /* NetworkManager.swift */ = {isa = PBXFileReference; lastKnownFileType = sourcecode.swift; path = NetworkManager.swift; sourceTree = "<group>"; };
		DE8B8EC12BCABA0700AA5A53 /* MyInfoViewController.swift */ = {isa = PBXFileReference; lastKnownFileType = sourcecode.swift; path = MyInfoViewController.swift; sourceTree = "<group>"; };
		DE8B8EC32BCABA1500AA5A53 /* MyInfoView.swift */ = {isa = PBXFileReference; lastKnownFileType = sourcecode.swift; path = MyInfoView.swift; sourceTree = "<group>"; };
		DE8B8EC52BCABA1D00AA5A53 /* MyInfoViewModel.swift */ = {isa = PBXFileReference; lastKnownFileType = sourcecode.swift; path = MyInfoViewModel.swift; sourceTree = "<group>"; };
		DE8B8EC82BCBC81100AA5A53 /* MainTabBarController.swift */ = {isa = PBXFileReference; lastKnownFileType = sourcecode.swift; path = MainTabBarController.swift; sourceTree = "<group>"; };
		DE9CEC0C2BC646BB00360192 /* PuDingProj.app */ = {isa = PBXFileReference; explicitFileType = wrapper.application; includeInIndex = 0; path = PuDingProj.app; sourceTree = BUILT_PRODUCTS_DIR; };
		DE9CEC0F2BC646BB00360192 /* AppDelegate.swift */ = {isa = PBXFileReference; lastKnownFileType = sourcecode.swift; path = AppDelegate.swift; sourceTree = "<group>"; };
		DE9CEC112BC646BB00360192 /* SceneDelegate.swift */ = {isa = PBXFileReference; lastKnownFileType = sourcecode.swift; path = SceneDelegate.swift; sourceTree = "<group>"; };
		DE9CEC132BC646BB00360192 /* ViewController.swift */ = {isa = PBXFileReference; lastKnownFileType = sourcecode.swift; path = ViewController.swift; sourceTree = "<group>"; };
		DE9CEC162BC646BB00360192 /* Base */ = {isa = PBXFileReference; lastKnownFileType = file.storyboard; name = Base; path = Base.lproj/Main.storyboard; sourceTree = "<group>"; };
		DE9CEC182BC646BD00360192 /* Assets.xcassets */ = {isa = PBXFileReference; lastKnownFileType = folder.assetcatalog; path = Assets.xcassets; sourceTree = "<group>"; };
		DE9CEC1B2BC646BD00360192 /* Base */ = {isa = PBXFileReference; lastKnownFileType = file.storyboard; name = Base; path = Base.lproj/LaunchScreen.storyboard; sourceTree = "<group>"; };
		DE9CEC1D2BC646BD00360192 /* Info.plist */ = {isa = PBXFileReference; lastKnownFileType = text.plist.xml; path = Info.plist; sourceTree = "<group>"; };
		DE9CEC232BC646DB00360192 /* .gitignore */ = {isa = PBXFileReference; lastKnownFileType = text; path = .gitignore; sourceTree = "<group>"; };
		DE9CEC262BC6473500360192 /* APIKey.swift */ = {isa = PBXFileReference; lastKnownFileType = sourcecode.swift; path = APIKey.swift; sourceTree = "<group>"; };
/* End PBXFileReference section */

/* Begin PBXFrameworksBuildPhase section */
		DE9CEC092BC646BB00360192 /* Frameworks */ = {
			isa = PBXFrameworksBuildPhase;
			buildActionMask = 2147483647;
			files = (
				DE8B8E9F2BC7BF4700AA5A53 /* RxCocoa in Frameworks */,
				DE8B8E9C2BC7BF3700AA5A53 /* Kingfisher in Frameworks */,
				DE8B8EA12BC7BF4700AA5A53 /* RxSwift in Frameworks */,
				DE8B8E992BC7BF2F00AA5A53 /* Alamofire in Frameworks */,
				DE8B8EA42BC7BF5000AA5A53 /* SnapKit in Frameworks */,
			);
			runOnlyForDeploymentPostprocessing = 0;
		};
/* End PBXFrameworksBuildPhase section */

/* Begin PBXGroup section */
		DE8B8E892BC76EAE00AA5A53 /* Present */ = {
			isa = PBXGroup;
			children = (
				DE8B8EC72BCBC7E400AA5A53 /* TabBar */,
				DE8B8EBE2BCAB9F100AA5A53 /* MyInfo */,
				DE8B8E902BC7BE7D00AA5A53 /* Login */,
			);
			path = Present;
			sourceTree = "<group>";
		};
		DE8B8E8A2BC76ED300AA5A53 /* Network */ = {
			isa = PBXGroup;
			children = (
				DE8B8EB92BC7E1CB00AA5A53 /* Model */,
				DE8B8EB82BC7E1C400AA5A53 /* Query */,
				DE8B8EAB2BC7C65700AA5A53 /* Router.swift */,
				DE8B8EAF2BC7CAC800AA5A53 /* HTTPHeader.swift */,
				DE8B8EB12BC7CB7B00AA5A53 /* TargetType.swift */,
				DE8B8EBC2BC7E1FE00AA5A53 /* NetworkManager.swift */,
			);
			path = Network;
			sourceTree = "<group>";
		};
		DE8B8E8B2BC76EDC00AA5A53 /* Base */ = {
			isa = PBXGroup;
			children = (
				DE8B8E952BC7BF1300AA5A53 /* BaseViewController.swift */,
				DE8B8EA52BC7C27000AA5A53 /* BaseView.swift */,
			);
			path = Base;
			sourceTree = "<group>";
		};
		DE8B8E8C2BC76EE000AA5A53 /* Extension */ = {
			isa = PBXGroup;
			children = (
				DE8B8EA72BC7C4C900AA5A53 /* UIView+Extension.swift */,
			);
			path = Extension;
			sourceTree = "<group>";
		};
		DE8B8E902BC7BE7D00AA5A53 /* Login */ = {
			isa = PBXGroup;
			children = (
				DE8B8E922BC7BE8900AA5A53 /* ViewModel */,
				DE8B8E912BC7BE8400AA5A53 /* View */,
			);
			path = Login;
			sourceTree = "<group>";
		};
		DE8B8E912BC7BE8400AA5A53 /* View */ = {
			isa = PBXGroup;
			children = (
				DE8B8E932BC7BE9D00AA5A53 /* LoginViewController.swift */,
				DE8B8EB62BC7CF6400AA5A53 /* LoginView.swift */,
			);
			path = View;
			sourceTree = "<group>";
		};
		DE8B8E922BC7BE8900AA5A53 /* ViewModel */ = {
			isa = PBXGroup;
			children = (
				DE8B8EA92BC7C53500AA5A53 /* LoginViewModel.swift */,
			);
			path = ViewModel;
			sourceTree = "<group>";
		};
		DE8B8EB32BC7CE3E00AA5A53 /* CustomView */ = {
			isa = PBXGroup;
			children = (
				DE8B8EB42BC7CE4D00AA5A53 /* LoginTextField.swift */,
			);
			path = CustomView;
			sourceTree = "<group>";
		};
		DE8B8EB82BC7E1C400AA5A53 /* Query */ = {
			isa = PBXGroup;
			children = (
				DE8B8EAD2BC7C9D500AA5A53 /* JoinQuery.swift */,
			);
			path = Query;
			sourceTree = "<group>";
		};
		DE8B8EB92BC7E1CB00AA5A53 /* Model */ = {
			isa = PBXGroup;
			children = (
				DE8B8EBA2BC7E1D700AA5A53 /* JoinModel.swift */,
			);
			path = Model;
			sourceTree = "<group>";
		};
		DE8B8EBE2BCAB9F100AA5A53 /* MyInfo */ = {
			isa = PBXGroup;
			children = (
				DE8B8EC02BCAB9FB00AA5A53 /* ViewModel */,
				DE8B8EBF2BCAB9F600AA5A53 /* View */,
			);
			path = MyInfo;
			sourceTree = "<group>";
		};
		DE8B8EBF2BCAB9F600AA5A53 /* View */ = {
			isa = PBXGroup;
			children = (
				DE8B8EC12BCABA0700AA5A53 /* MyInfoViewController.swift */,
				DE8B8EC32BCABA1500AA5A53 /* MyInfoView.swift */,
			);
			path = View;
			sourceTree = "<group>";
		};
		DE8B8EC02BCAB9FB00AA5A53 /* ViewModel */ = {
			isa = PBXGroup;
			children = (
				DE8B8EC52BCABA1D00AA5A53 /* MyInfoViewModel.swift */,
			);
			path = ViewModel;
			sourceTree = "<group>";
		};
		DE8B8EC72BCBC7E400AA5A53 /* TabBar */ = {
			isa = PBXGroup;
			children = (
				DE8B8EC82BCBC81100AA5A53 /* MainTabBarController.swift */,
			);
			path = TabBar;
			sourceTree = "<group>";
		};
		DE9CEC032BC646BB00360192 = {
			isa = PBXGroup;
			children = (
				DE9CEC232BC646DB00360192 /* .gitignore */,
				DE9CEC0E2BC646BB00360192 /* PuDingProj */,
				DE9CEC0D2BC646BB00360192 /* Products */,
			);
			sourceTree = "<group>";
		};
		DE9CEC0D2BC646BB00360192 /* Products */ = {
			isa = PBXGroup;
			children = (
				DE9CEC0C2BC646BB00360192 /* PuDingProj.app */,
			);
			name = Products;
			sourceTree = "<group>";
		};
		DE9CEC0E2BC646BB00360192 /* PuDingProj */ = {
			isa = PBXGroup;
			children = (
				DE8B8EB32BC7CE3E00AA5A53 /* CustomView */,
				DE8B8E8C2BC76EE000AA5A53 /* Extension */,
				DE8B8E8B2BC76EDC00AA5A53 /* Base */,
				DE8B8E8A2BC76ED300AA5A53 /* Network */,
				DE8B8E892BC76EAE00AA5A53 /* Present */,
				DE9CEC252BC6471800360192 /* App */,
				DE9CEC132BC646BB00360192 /* ViewController.swift */,
				DE9CEC262BC6473500360192 /* APIKey.swift */,
				DE9CEC1D2BC646BD00360192 /* Info.plist */,
				DE9CEC182BC646BD00360192 /* Assets.xcassets */,
				DE9CEC112BC646BB00360192 /* SceneDelegate.swift */,
				DE9CEC0F2BC646BB00360192 /* AppDelegate.swift */,
			);
			path = PuDingProj;
			sourceTree = "<group>";
		};
		DE9CEC252BC6471800360192 /* App */ = {
			isa = PBXGroup;
			children = (
				DE9CEC1A2BC646BD00360192 /* LaunchScreen.storyboard */,
				DE9CEC152BC646BB00360192 /* Main.storyboard */,
			);
			path = App;
			sourceTree = "<group>";
		};
/* End PBXGroup section */

/* Begin PBXNativeTarget section */
		DE9CEC0B2BC646BB00360192 /* PuDingProj */ = {
			isa = PBXNativeTarget;
			buildConfigurationList = DE9CEC202BC646BD00360192 /* Build configuration list for PBXNativeTarget "PuDingProj" */;
			buildPhases = (
				DE9CEC082BC646BB00360192 /* Sources */,
				DE9CEC092BC646BB00360192 /* Frameworks */,
				DE9CEC0A2BC646BB00360192 /* Resources */,
			);
			buildRules = (
			);
			dependencies = (
			);
			name = PuDingProj;
			packageProductDependencies = (
				DE8B8E982BC7BF2F00AA5A53 /* Alamofire */,
				DE8B8E9B2BC7BF3700AA5A53 /* Kingfisher */,
				DE8B8E9E2BC7BF4700AA5A53 /* RxCocoa */,
				DE8B8EA02BC7BF4700AA5A53 /* RxSwift */,
				DE8B8EA32BC7BF5000AA5A53 /* SnapKit */,
			);
			productName = PuDingProj;
			productReference = DE9CEC0C2BC646BB00360192 /* PuDingProj.app */;
			productType = "com.apple.product-type.application";
		};
/* End PBXNativeTarget section */

/* Begin PBXProject section */
		DE9CEC042BC646BB00360192 /* Project object */ = {
			isa = PBXProject;
			attributes = {
				BuildIndependentTargetsInParallel = 1;
				LastSwiftUpdateCheck = 1530;
				LastUpgradeCheck = 1530;
				TargetAttributes = {
					DE9CEC0B2BC646BB00360192 = {
						CreatedOnToolsVersion = 15.3;
					};
				};
			};
			buildConfigurationList = DE9CEC072BC646BB00360192 /* Build configuration list for PBXProject "PuDingProj" */;
			compatibilityVersion = "Xcode 14.0";
			developmentRegion = en;
			hasScannedForEncodings = 0;
			knownRegions = (
				en,
				Base,
			);
			mainGroup = DE9CEC032BC646BB00360192;
			packageReferences = (
				DE8B8E972BC7BF2F00AA5A53 /* XCRemoteSwiftPackageReference "Alamofire" */,
				DE8B8E9A2BC7BF3700AA5A53 /* XCRemoteSwiftPackageReference "Kingfisher" */,
				DE8B8E9D2BC7BF4700AA5A53 /* XCRemoteSwiftPackageReference "RxSwift" */,
				DE8B8EA22BC7BF5000AA5A53 /* XCRemoteSwiftPackageReference "SnapKit" */,
			);
			productRefGroup = DE9CEC0D2BC646BB00360192 /* Products */;
			projectDirPath = "";
			projectRoot = "";
			targets = (
				DE9CEC0B2BC646BB00360192 /* PuDingProj */,
			);
		};
/* End PBXProject section */

/* Begin PBXResourcesBuildPhase section */
		DE9CEC0A2BC646BB00360192 /* Resources */ = {
			isa = PBXResourcesBuildPhase;
			buildActionMask = 2147483647;
			files = (
				DE9CEC242BC646DB00360192 /* .gitignore in Resources */,
				DE9CEC192BC646BD00360192 /* Assets.xcassets in Resources */,
				DE9CEC1C2BC646BD00360192 /* Base in Resources */,
				DE9CEC172BC646BB00360192 /* Base in Resources */,
			);
			runOnlyForDeploymentPostprocessing = 0;
		};
/* End PBXResourcesBuildPhase section */

/* Begin PBXSourcesBuildPhase section */
		DE9CEC082BC646BB00360192 /* Sources */ = {
			isa = PBXSourcesBuildPhase;
			buildActionMask = 2147483647;
			files = (
				DE8B8EB02BC7CAC800AA5A53 /* HTTPHeader.swift in Sources */,
				DE9CEC142BC646BB00360192 /* ViewController.swift in Sources */,
				DE8B8EB22BC7CB7B00AA5A53 /* TargetType.swift in Sources */,
				DE8B8EB72BC7CF6400AA5A53 /* LoginView.swift in Sources */,
				DE8B8EC42BCABA1500AA5A53 /* MyInfoView.swift in Sources */,
				DE9CEC102BC646BB00360192 /* AppDelegate.swift in Sources */,
				DE8B8EC62BCABA1D00AA5A53 /* MyInfoViewModel.swift in Sources */,
				DE8B8EBB2BC7E1D700AA5A53 /* JoinModel.swift in Sources */,
				DE8B8EAC2BC7C65700AA5A53 /* Router.swift in Sources */,
				DE8B8EA82BC7C4C900AA5A53 /* UIView+Extension.swift in Sources */,
				DE9CEC272BC6473500360192 /* APIKey.swift in Sources */,
				DE8B8EA62BC7C27000AA5A53 /* BaseView.swift in Sources */,
				DE8B8EBD2BC7E1FE00AA5A53 /* NetworkManager.swift in Sources */,
				DE8B8E942BC7BE9D00AA5A53 /* LoginViewController.swift in Sources */,
				DE9CEC122BC646BB00360192 /* SceneDelegate.swift in Sources */,
				DE8B8EAE2BC7C9D500AA5A53 /* JoinQuery.swift in Sources */,
				DE8B8E962BC7BF1300AA5A53 /* BaseViewController.swift in Sources */,
				DE8B8EC92BCBC81100AA5A53 /* MainTabBarController.swift in Sources */,
				DE8B8EAA2BC7C53500AA5A53 /* LoginViewModel.swift in Sources */,
				DE8B8EC22BCABA0700AA5A53 /* MyInfoViewController.swift in Sources */,
				DE8B8EB52BC7CE4D00AA5A53 /* LoginTextField.swift in Sources */,
			);
			runOnlyForDeploymentPostprocessing = 0;
		};
/* End PBXSourcesBuildPhase section */

/* Begin PBXVariantGroup section */
		DE9CEC152BC646BB00360192 /* Main.storyboard */ = {
			isa = PBXVariantGroup;
			children = (
				DE9CEC162BC646BB00360192 /* Base */,
			);
			name = Main.storyboard;
			sourceTree = "<group>";
		};
		DE9CEC1A2BC646BD00360192 /* LaunchScreen.storyboard */ = {
			isa = PBXVariantGroup;
			children = (
				DE9CEC1B2BC646BD00360192 /* Base */,
			);
			name = LaunchScreen.storyboard;
			sourceTree = "<group>";
		};
/* End PBXVariantGroup section */

/* Begin XCBuildConfiguration section */
		DE9CEC1E2BC646BD00360192 /* Debug */ = {
			isa = XCBuildConfiguration;
			buildSettings = {
				ALWAYS_SEARCH_USER_PATHS = NO;
				ASSETCATALOG_COMPILER_GENERATE_SWIFT_ASSET_SYMBOL_EXTENSIONS = YES;
				CLANG_ANALYZER_NONNULL = YES;
				CLANG_ANALYZER_NUMBER_OBJECT_CONVERSION = YES_AGGRESSIVE;
				CLANG_CXX_LANGUAGE_STANDARD = "gnu++20";
				CLANG_ENABLE_MODULES = YES;
				CLANG_ENABLE_OBJC_ARC = YES;
				CLANG_ENABLE_OBJC_WEAK = YES;
				CLANG_WARN_BLOCK_CAPTURE_AUTORELEASING = YES;
				CLANG_WARN_BOOL_CONVERSION = YES;
				CLANG_WARN_COMMA = YES;
				CLANG_WARN_CONSTANT_CONVERSION = YES;
				CLANG_WARN_DEPRECATED_OBJC_IMPLEMENTATIONS = YES;
				CLANG_WARN_DIRECT_OBJC_ISA_USAGE = YES_ERROR;
				CLANG_WARN_DOCUMENTATION_COMMENTS = YES;
				CLANG_WARN_EMPTY_BODY = YES;
				CLANG_WARN_ENUM_CONVERSION = YES;
				CLANG_WARN_INFINITE_RECURSION = YES;
				CLANG_WARN_INT_CONVERSION = YES;
				CLANG_WARN_NON_LITERAL_NULL_CONVERSION = YES;
				CLANG_WARN_OBJC_IMPLICIT_RETAIN_SELF = YES;
				CLANG_WARN_OBJC_LITERAL_CONVERSION = YES;
				CLANG_WARN_OBJC_ROOT_CLASS = YES_ERROR;
				CLANG_WARN_QUOTED_INCLUDE_IN_FRAMEWORK_HEADER = YES;
				CLANG_WARN_RANGE_LOOP_ANALYSIS = YES;
				CLANG_WARN_STRICT_PROTOTYPES = YES;
				CLANG_WARN_SUSPICIOUS_MOVE = YES;
				CLANG_WARN_UNGUARDED_AVAILABILITY = YES_AGGRESSIVE;
				CLANG_WARN_UNREACHABLE_CODE = YES;
				CLANG_WARN__DUPLICATE_METHOD_MATCH = YES;
				COPY_PHASE_STRIP = NO;
				DEBUG_INFORMATION_FORMAT = dwarf;
				ENABLE_STRICT_OBJC_MSGSEND = YES;
				ENABLE_TESTABILITY = YES;
				ENABLE_USER_SCRIPT_SANDBOXING = YES;
				GCC_C_LANGUAGE_STANDARD = gnu17;
				GCC_DYNAMIC_NO_PIC = NO;
				GCC_NO_COMMON_BLOCKS = YES;
				GCC_OPTIMIZATION_LEVEL = 0;
				GCC_PREPROCESSOR_DEFINITIONS = (
					"DEBUG=1",
					"$(inherited)",
				);
				GCC_WARN_64_TO_32_BIT_CONVERSION = YES;
				GCC_WARN_ABOUT_RETURN_TYPE = YES_ERROR;
				GCC_WARN_UNDECLARED_SELECTOR = YES;
				GCC_WARN_UNINITIALIZED_AUTOS = YES_AGGRESSIVE;
				GCC_WARN_UNUSED_FUNCTION = YES;
				GCC_WARN_UNUSED_VARIABLE = YES;
				IPHONEOS_DEPLOYMENT_TARGET = 17.4;
				LOCALIZATION_PREFERS_STRING_CATALOGS = YES;
				MTL_ENABLE_DEBUG_INFO = INCLUDE_SOURCE;
				MTL_FAST_MATH = YES;
				ONLY_ACTIVE_ARCH = YES;
				SDKROOT = iphoneos;
				SWIFT_ACTIVE_COMPILATION_CONDITIONS = "DEBUG $(inherited)";
				SWIFT_OPTIMIZATION_LEVEL = "-Onone";
			};
			name = Debug;
		};
		DE9CEC1F2BC646BD00360192 /* Release */ = {
			isa = XCBuildConfiguration;
			buildSettings = {
				ALWAYS_SEARCH_USER_PATHS = NO;
				ASSETCATALOG_COMPILER_GENERATE_SWIFT_ASSET_SYMBOL_EXTENSIONS = YES;
				CLANG_ANALYZER_NONNULL = YES;
				CLANG_ANALYZER_NUMBER_OBJECT_CONVERSION = YES_AGGRESSIVE;
				CLANG_CXX_LANGUAGE_STANDARD = "gnu++20";
				CLANG_ENABLE_MODULES = YES;
				CLANG_ENABLE_OBJC_ARC = YES;
				CLANG_ENABLE_OBJC_WEAK = YES;
				CLANG_WARN_BLOCK_CAPTURE_AUTORELEASING = YES;
				CLANG_WARN_BOOL_CONVERSION = YES;
				CLANG_WARN_COMMA = YES;
				CLANG_WARN_CONSTANT_CONVERSION = YES;
				CLANG_WARN_DEPRECATED_OBJC_IMPLEMENTATIONS = YES;
				CLANG_WARN_DIRECT_OBJC_ISA_USAGE = YES_ERROR;
				CLANG_WARN_DOCUMENTATION_COMMENTS = YES;
				CLANG_WARN_EMPTY_BODY = YES;
				CLANG_WARN_ENUM_CONVERSION = YES;
				CLANG_WARN_INFINITE_RECURSION = YES;
				CLANG_WARN_INT_CONVERSION = YES;
				CLANG_WARN_NON_LITERAL_NULL_CONVERSION = YES;
				CLANG_WARN_OBJC_IMPLICIT_RETAIN_SELF = YES;
				CLANG_WARN_OBJC_LITERAL_CONVERSION = YES;
				CLANG_WARN_OBJC_ROOT_CLASS = YES_ERROR;
				CLANG_WARN_QUOTED_INCLUDE_IN_FRAMEWORK_HEADER = YES;
				CLANG_WARN_RANGE_LOOP_ANALYSIS = YES;
				CLANG_WARN_STRICT_PROTOTYPES = YES;
				CLANG_WARN_SUSPICIOUS_MOVE = YES;
				CLANG_WARN_UNGUARDED_AVAILABILITY = YES_AGGRESSIVE;
				CLANG_WARN_UNREACHABLE_CODE = YES;
				CLANG_WARN__DUPLICATE_METHOD_MATCH = YES;
				COPY_PHASE_STRIP = NO;
				DEBUG_INFORMATION_FORMAT = "dwarf-with-dsym";
				ENABLE_NS_ASSERTIONS = NO;
				ENABLE_STRICT_OBJC_MSGSEND = YES;
				ENABLE_USER_SCRIPT_SANDBOXING = YES;
				GCC_C_LANGUAGE_STANDARD = gnu17;
				GCC_NO_COMMON_BLOCKS = YES;
				GCC_WARN_64_TO_32_BIT_CONVERSION = YES;
				GCC_WARN_ABOUT_RETURN_TYPE = YES_ERROR;
				GCC_WARN_UNDECLARED_SELECTOR = YES;
				GCC_WARN_UNINITIALIZED_AUTOS = YES_AGGRESSIVE;
				GCC_WARN_UNUSED_FUNCTION = YES;
				GCC_WARN_UNUSED_VARIABLE = YES;
				IPHONEOS_DEPLOYMENT_TARGET = 17.4;
				LOCALIZATION_PREFERS_STRING_CATALOGS = YES;
				MTL_ENABLE_DEBUG_INFO = NO;
				MTL_FAST_MATH = YES;
				SDKROOT = iphoneos;
				SWIFT_COMPILATION_MODE = wholemodule;
				VALIDATE_PRODUCT = YES;
			};
			name = Release;
		};
		DE9CEC212BC646BD00360192 /* Debug */ = {
			isa = XCBuildConfiguration;
			buildSettings = {
				ASSETCATALOG_COMPILER_APPICON_NAME = AppIcon;
				ASSETCATALOG_COMPILER_GLOBAL_ACCENT_COLOR_NAME = AccentColor;
				CODE_SIGN_STYLE = Automatic;
				CURRENT_PROJECT_VERSION = 1;
				DEVELOPMENT_TEAM = X32GZ3NKQ8;
				GENERATE_INFOPLIST_FILE = YES;
				INFOPLIST_FILE = PuDingProj/Info.plist;
				INFOPLIST_KEY_UIApplicationSupportsIndirectInputEvents = YES;
				INFOPLIST_KEY_UILaunchStoryboardName = LaunchScreen;
				INFOPLIST_KEY_UIMainStoryboardFile = Main;
				INFOPLIST_KEY_UISupportedInterfaceOrientations_iPad = "UIInterfaceOrientationPortrait UIInterfaceOrientationPortraitUpsideDown UIInterfaceOrientationLandscapeLeft UIInterfaceOrientationLandscapeRight";
				INFOPLIST_KEY_UISupportedInterfaceOrientations_iPhone = "UIInterfaceOrientationPortrait UIInterfaceOrientationLandscapeLeft UIInterfaceOrientationLandscapeRight";
				IPHONEOS_DEPLOYMENT_TARGET = 16.0;
				LD_RUNPATH_SEARCH_PATHS = (
					"$(inherited)",
					"@executable_path/Frameworks",
				);
				MARKETING_VERSION = 1.0;
				PRODUCT_BUNDLE_IDENTIFIER = com.moana.PuDingProj;
				PRODUCT_NAME = "$(TARGET_NAME)";
				SUPPORTED_PLATFORMS = "iphoneos iphonesimulator";
				SUPPORTS_MACCATALYST = NO;
				SUPPORTS_MAC_DESIGNED_FOR_IPHONE_IPAD = NO;
				SUPPORTS_XR_DESIGNED_FOR_IPHONE_IPAD = NO;
				SWIFT_EMIT_LOC_STRINGS = YES;
				SWIFT_VERSION = 5.0;
				TARGETED_DEVICE_FAMILY = 1;
			};
			name = Debug;
		};
		DE9CEC222BC646BD00360192 /* Release */ = {
			isa = XCBuildConfiguration;
			buildSettings = {
				ASSETCATALOG_COMPILER_APPICON_NAME = AppIcon;
				ASSETCATALOG_COMPILER_GLOBAL_ACCENT_COLOR_NAME = AccentColor;
				CODE_SIGN_STYLE = Automatic;
				CURRENT_PROJECT_VERSION = 1;
				DEVELOPMENT_TEAM = X32GZ3NKQ8;
				GENERATE_INFOPLIST_FILE = YES;
				INFOPLIST_FILE = PuDingProj/Info.plist;
				INFOPLIST_KEY_UIApplicationSupportsIndirectInputEvents = YES;
				INFOPLIST_KEY_UILaunchStoryboardName = LaunchScreen;
				INFOPLIST_KEY_UIMainStoryboardFile = Main;
				INFOPLIST_KEY_UISupportedInterfaceOrientations_iPad = "UIInterfaceOrientationPortrait UIInterfaceOrientationPortraitUpsideDown UIInterfaceOrientationLandscapeLeft UIInterfaceOrientationLandscapeRight";
				INFOPLIST_KEY_UISupportedInterfaceOrientations_iPhone = "UIInterfaceOrientationPortrait UIInterfaceOrientationLandscapeLeft UIInterfaceOrientationLandscapeRight";
				IPHONEOS_DEPLOYMENT_TARGET = 16.0;
				LD_RUNPATH_SEARCH_PATHS = (
					"$(inherited)",
					"@executable_path/Frameworks",
				);
				MARKETING_VERSION = 1.0;
				PRODUCT_BUNDLE_IDENTIFIER = com.moana.PuDingProj;
				PRODUCT_NAME = "$(TARGET_NAME)";
				SUPPORTED_PLATFORMS = "iphoneos iphonesimulator";
				SUPPORTS_MACCATALYST = NO;
				SUPPORTS_MAC_DESIGNED_FOR_IPHONE_IPAD = NO;
				SUPPORTS_XR_DESIGNED_FOR_IPHONE_IPAD = NO;
				SWIFT_EMIT_LOC_STRINGS = YES;
				SWIFT_VERSION = 5.0;
				TARGETED_DEVICE_FAMILY = 1;
			};
			name = Release;
		};
/* End XCBuildConfiguration section */

/* Begin XCConfigurationList section */
		DE9CEC072BC646BB00360192 /* Build configuration list for PBXProject "PuDingProj" */ = {
			isa = XCConfigurationList;
			buildConfigurations = (
				DE9CEC1E2BC646BD00360192 /* Debug */,
				DE9CEC1F2BC646BD00360192 /* Release */,
			);
			defaultConfigurationIsVisible = 0;
			defaultConfigurationName = Release;
		};
		DE9CEC202BC646BD00360192 /* Build configuration list for PBXNativeTarget "PuDingProj" */ = {
			isa = XCConfigurationList;
			buildConfigurations = (
				DE9CEC212BC646BD00360192 /* Debug */,
				DE9CEC222BC646BD00360192 /* Release */,
			);
			defaultConfigurationIsVisible = 0;
			defaultConfigurationName = Release;
		};
/* End XCConfigurationList section */

/* Begin XCRemoteSwiftPackageReference section */
		DE8B8E972BC7BF2F00AA5A53 /* XCRemoteSwiftPackageReference "Alamofire" */ = {
			isa = XCRemoteSwiftPackageReference;
			repositoryURL = "https://github.com/Alamofire/Alamofire";
			requirement = {
				kind = upToNextMajorVersion;
				minimumVersion = 5.9.1;
			};
		};
		DE8B8E9A2BC7BF3700AA5A53 /* XCRemoteSwiftPackageReference "Kingfisher" */ = {
			isa = XCRemoteSwiftPackageReference;
			repositoryURL = "https://github.com/onevcat/Kingfisher";
			requirement = {
				kind = upToNextMajorVersion;
				minimumVersion = 7.11.0;
			};
		};
		DE8B8E9D2BC7BF4700AA5A53 /* XCRemoteSwiftPackageReference "RxSwift" */ = {
			isa = XCRemoteSwiftPackageReference;
			repositoryURL = "https://github.com/ReactiveX/RxSwift.git";
			requirement = {
				kind = upToNextMajorVersion;
				minimumVersion = 6.6.0;
			};
		};
		DE8B8EA22BC7BF5000AA5A53 /* XCRemoteSwiftPackageReference "SnapKit" */ = {
			isa = XCRemoteSwiftPackageReference;
			repositoryURL = "https://github.com/SnapKit/SnapKit.git";
			requirement = {
				kind = upToNextMajorVersion;
				minimumVersion = 5.7.1;
			};
		};
/* End XCRemoteSwiftPackageReference section */

/* Begin XCSwiftPackageProductDependency section */
		DE8B8E982BC7BF2F00AA5A53 /* Alamofire */ = {
			isa = XCSwiftPackageProductDependency;
			package = DE8B8E972BC7BF2F00AA5A53 /* XCRemoteSwiftPackageReference "Alamofire" */;
			productName = Alamofire;
		};
		DE8B8E9B2BC7BF3700AA5A53 /* Kingfisher */ = {
			isa = XCSwiftPackageProductDependency;
			package = DE8B8E9A2BC7BF3700AA5A53 /* XCRemoteSwiftPackageReference "Kingfisher" */;
			productName = Kingfisher;
		};
		DE8B8E9E2BC7BF4700AA5A53 /* RxCocoa */ = {
			isa = XCSwiftPackageProductDependency;
			package = DE8B8E9D2BC7BF4700AA5A53 /* XCRemoteSwiftPackageReference "RxSwift" */;
			productName = RxCocoa;
		};
		DE8B8EA02BC7BF4700AA5A53 /* RxSwift */ = {
			isa = XCSwiftPackageProductDependency;
			package = DE8B8E9D2BC7BF4700AA5A53 /* XCRemoteSwiftPackageReference "RxSwift" */;
			productName = RxSwift;
		};
		DE8B8EA32BC7BF5000AA5A53 /* SnapKit */ = {
			isa = XCSwiftPackageProductDependency;
			package = DE8B8EA22BC7BF5000AA5A53 /* XCRemoteSwiftPackageReference "SnapKit" */;
			productName = SnapKit;
		};
/* End XCSwiftPackageProductDependency section */
	};
	rootObject = DE9CEC042BC646BB00360192 /* Project object */;
}
